// !$*UTF8*$!
{
	archiveVersion = 1;
	classes = {
	};
	objectVersion = 56;
	objects = {

/* Begin PBXBuildFile section */
		240EB0532A31C0A900A96542 /* SDWebImage in Frameworks */ = {isa = PBXBuildFile; productRef = 240EB0522A31C0A900A96542 /* SDWebImage */; };
		240EB0552A31C0A900A96542 /* SDWebImageMapKit in Frameworks */ = {isa = PBXBuildFile; productRef = 240EB0542A31C0A900A96542 /* SDWebImageMapKit */; };
		249137B72A35F4BD00D59974 /* DetailViewController.swift in Sources */ = {isa = PBXBuildFile; fileRef = 249137B52A35F4BD00D59974 /* DetailViewController.swift */; };
		249137B82A35F4BD00D59974 /* DetailViewController.xib in Resources */ = {isa = PBXBuildFile; fileRef = 249137B62A35F4BD00D59974 /* DetailViewController.xib */; };
		249137BA2A35F9D000D59974 /* DetailInteractor.swift in Sources */ = {isa = PBXBuildFile; fileRef = 249137B92A35F9D000D59974 /* DetailInteractor.swift */; };
		249137BC2A35FB3A00D59974 /* DetailPresenter.swift in Sources */ = {isa = PBXBuildFile; fileRef = 249137BB2A35FB3A00D59974 /* DetailPresenter.swift */; };
		249137BE2A35FB8B00D59974 /* DetailRouter.swift in Sources */ = {isa = PBXBuildFile; fileRef = 249137BD2A35FB8B00D59974 /* DetailRouter.swift */; };
		249137CE2A360F7100D59974 /* BaseViewController.swift in Sources */ = {isa = PBXBuildFile; fileRef = 249137CD2A360F7100D59974 /* BaseViewController.swift */; };
		24DA40B12A374DFD00BD5379 /* LoadingPackage in Frameworks */ = {isa = PBXBuildFile; productRef = 24DA40B02A374DFD00BD5379 /* LoadingPackage */; };
		24ECE2722A3087D40036E0E1 /* AppDelegate.swift in Sources */ = {isa = PBXBuildFile; fileRef = 24ECE2712A3087D40036E0E1 /* AppDelegate.swift */; };
		24ECE2742A3087D40036E0E1 /* SceneDelegate.swift in Sources */ = {isa = PBXBuildFile; fileRef = 24ECE2732A3087D40036E0E1 /* SceneDelegate.swift */; };
		24ECE27C2A3087D40036E0E1 /* iTunesVIPER_alperBAN.xcdatamodeld in Sources */ = {isa = PBXBuildFile; fileRef = 24ECE27A2A3087D40036E0E1 /* iTunesVIPER_alperBAN.xcdatamodeld */; };
		24ECE27E2A3087D50036E0E1 /* Assets.xcassets in Resources */ = {isa = PBXBuildFile; fileRef = 24ECE27D2A3087D50036E0E1 /* Assets.xcassets */; };
		24ECE2812A3087D50036E0E1 /* LaunchScreen.storyboard in Resources */ = {isa = PBXBuildFile; fileRef = 24ECE27F2A3087D50036E0E1 /* LaunchScreen.storyboard */; };
		24ECE28C2A3087D50036E0E1 /* iTunesVIPER_alperBANTests.swift in Sources */ = {isa = PBXBuildFile; fileRef = 24ECE28B2A3087D50036E0E1 /* iTunesVIPER_alperBANTests.swift */; };
		24ECE2962A3087D50036E0E1 /* iTunesVIPER_alperBANUITests.swift in Sources */ = {isa = PBXBuildFile; fileRef = 24ECE2952A3087D50036E0E1 /* iTunesVIPER_alperBANUITests.swift */; };
		24ECE2982A3087D50036E0E1 /* iTunesVIPER_alperBANUITestsLaunchTests.swift in Sources */ = {isa = PBXBuildFile; fileRef = 24ECE2972A3087D50036E0E1 /* iTunesVIPER_alperBANUITestsLaunchTests.swift */; };
		24ECE2A72A3088610036E0E1 /* HomeView.swift in Sources */ = {isa = PBXBuildFile; fileRef = 24ECE2A62A3088610036E0E1 /* HomeView.swift */; };
		24ECE2A92A3088740036E0E1 /* HomeInteractor.swift in Sources */ = {isa = PBXBuildFile; fileRef = 24ECE2A82A3088740036E0E1 /* HomeInteractor.swift */; };
		24ECE2AB2A3088810036E0E1 /* HomePresenter.swift in Sources */ = {isa = PBXBuildFile; fileRef = 24ECE2AA2A3088810036E0E1 /* HomePresenter.swift */; };
		24ECE2AD2A3088930036E0E1 /* HomeEntity.swift in Sources */ = {isa = PBXBuildFile; fileRef = 24ECE2AC2A3088930036E0E1 /* HomeEntity.swift */; };
		24ECE2AF2A3088A00036E0E1 /* HomeRouter.swift in Sources */ = {isa = PBXBuildFile; fileRef = 24ECE2AE2A3088A00036E0E1 /* HomeRouter.swift */; };
/* End PBXBuildFile section */

/* Begin PBXContainerItemProxy section */
		24ECE2882A3087D50036E0E1 /* PBXContainerItemProxy */ = {
			isa = PBXContainerItemProxy;
			containerPortal = 24ECE2662A3087D40036E0E1 /* Project object */;
			proxyType = 1;
			remoteGlobalIDString = 24ECE26D2A3087D40036E0E1;
			remoteInfo = iTunesVIPER_alperBAN;
		};
		24ECE2922A3087D50036E0E1 /* PBXContainerItemProxy */ = {
			isa = PBXContainerItemProxy;
			containerPortal = 24ECE2662A3087D40036E0E1 /* Project object */;
			proxyType = 1;
			remoteGlobalIDString = 24ECE26D2A3087D40036E0E1;
			remoteInfo = iTunesVIPER_alperBAN;
		};
/* End PBXContainerItemProxy section */

/* Begin PBXFileReference section */
		249137B52A35F4BD00D59974 /* DetailViewController.swift */ = {isa = PBXFileReference; lastKnownFileType = sourcecode.swift; path = DetailViewController.swift; sourceTree = "<group>"; };
		249137B62A35F4BD00D59974 /* DetailViewController.xib */ = {isa = PBXFileReference; lastKnownFileType = file.xib; path = DetailViewController.xib; sourceTree = "<group>"; };
		249137B92A35F9D000D59974 /* DetailInteractor.swift */ = {isa = PBXFileReference; lastKnownFileType = sourcecode.swift; path = DetailInteractor.swift; sourceTree = "<group>"; };
		249137BB2A35FB3A00D59974 /* DetailPresenter.swift */ = {isa = PBXFileReference; lastKnownFileType = sourcecode.swift; path = DetailPresenter.swift; sourceTree = "<group>"; };
		249137BD2A35FB8B00D59974 /* DetailRouter.swift */ = {isa = PBXFileReference; lastKnownFileType = sourcecode.swift; path = DetailRouter.swift; sourceTree = "<group>"; };
		249137CD2A360F7100D59974 /* BaseViewController.swift */ = {isa = PBXFileReference; lastKnownFileType = sourcecode.swift; path = BaseViewController.swift; sourceTree = "<group>"; };
		24DA40AF2A374D5F00BD5379 /* LoadingPackage */ = {isa = PBXFileReference; lastKnownFileType = wrapper; name = LoadingPackage; path = ../../iTunes_Viper_AlperBAN/LoadingPackage; sourceTree = "<group>"; };
		24ECE26E2A3087D40036E0E1 /* iTunesVIPER_alperBAN.app */ = {isa = PBXFileReference; explicitFileType = wrapper.application; includeInIndex = 0; path = iTunesVIPER_alperBAN.app; sourceTree = BUILT_PRODUCTS_DIR; };
		24ECE2712A3087D40036E0E1 /* AppDelegate.swift */ = {isa = PBXFileReference; lastKnownFileType = sourcecode.swift; path = AppDelegate.swift; sourceTree = "<group>"; };
		24ECE2732A3087D40036E0E1 /* SceneDelegate.swift */ = {isa = PBXFileReference; lastKnownFileType = sourcecode.swift; path = SceneDelegate.swift; sourceTree = "<group>"; };
		24ECE27B2A3087D40036E0E1 /* iTunesVIPER_alperBAN.xcdatamodel */ = {isa = PBXFileReference; lastKnownFileType = wrapper.xcdatamodel; path = iTunesVIPER_alperBAN.xcdatamodel; sourceTree = "<group>"; };
		24ECE27D2A3087D50036E0E1 /* Assets.xcassets */ = {isa = PBXFileReference; lastKnownFileType = folder.assetcatalog; path = Assets.xcassets; sourceTree = "<group>"; };
		24ECE2802A3087D50036E0E1 /* Base */ = {isa = PBXFileReference; lastKnownFileType = file.storyboard; name = Base; path = Base.lproj/LaunchScreen.storyboard; sourceTree = "<group>"; };
		24ECE2822A3087D50036E0E1 /* Info.plist */ = {isa = PBXFileReference; lastKnownFileType = text.plist.xml; path = Info.plist; sourceTree = "<group>"; };
		24ECE2872A3087D50036E0E1 /* iTunesVIPER_alperBANTests.xctest */ = {isa = PBXFileReference; explicitFileType = wrapper.cfbundle; includeInIndex = 0; path = iTunesVIPER_alperBANTests.xctest; sourceTree = BUILT_PRODUCTS_DIR; };
		24ECE28B2A3087D50036E0E1 /* iTunesVIPER_alperBANTests.swift */ = {isa = PBXFileReference; lastKnownFileType = sourcecode.swift; path = iTunesVIPER_alperBANTests.swift; sourceTree = "<group>"; };
		24ECE2912A3087D50036E0E1 /* iTunesVIPER_alperBANUITests.xctest */ = {isa = PBXFileReference; explicitFileType = wrapper.cfbundle; includeInIndex = 0; path = iTunesVIPER_alperBANUITests.xctest; sourceTree = BUILT_PRODUCTS_DIR; };
		24ECE2952A3087D50036E0E1 /* iTunesVIPER_alperBANUITests.swift */ = {isa = PBXFileReference; lastKnownFileType = sourcecode.swift; path = iTunesVIPER_alperBANUITests.swift; sourceTree = "<group>"; };
		24ECE2972A3087D50036E0E1 /* iTunesVIPER_alperBANUITestsLaunchTests.swift */ = {isa = PBXFileReference; lastKnownFileType = sourcecode.swift; path = iTunesVIPER_alperBANUITestsLaunchTests.swift; sourceTree = "<group>"; };
		24ECE2A62A3088610036E0E1 /* HomeView.swift */ = {isa = PBXFileReference; lastKnownFileType = sourcecode.swift; path = HomeView.swift; sourceTree = "<group>"; };
		24ECE2A82A3088740036E0E1 /* HomeInteractor.swift */ = {isa = PBXFileReference; lastKnownFileType = sourcecode.swift; path = HomeInteractor.swift; sourceTree = "<group>"; };
		24ECE2AA2A3088810036E0E1 /* HomePresenter.swift */ = {isa = PBXFileReference; lastKnownFileType = sourcecode.swift; path = HomePresenter.swift; sourceTree = "<group>"; };
		24ECE2AC2A3088930036E0E1 /* HomeEntity.swift */ = {isa = PBXFileReference; lastKnownFileType = sourcecode.swift; path = HomeEntity.swift; sourceTree = "<group>"; };
		24ECE2AE2A3088A00036E0E1 /* HomeRouter.swift */ = {isa = PBXFileReference; lastKnownFileType = sourcecode.swift; path = HomeRouter.swift; sourceTree = "<group>"; };
/* End PBXFileReference section */

/* Begin PBXFrameworksBuildPhase section */
		24ECE26B2A3087D40036E0E1 /* Frameworks */ = {
			isa = PBXFrameworksBuildPhase;
			buildActionMask = 2147483647;
			files = (
				240EB0532A31C0A900A96542 /* SDWebImage in Frameworks */,
				240EB0552A31C0A900A96542 /* SDWebImageMapKit in Frameworks */,
				24DA40B12A374DFD00BD5379 /* LoadingPackage in Frameworks */,
			);
			runOnlyForDeploymentPostprocessing = 0;
		};
		24ECE2842A3087D50036E0E1 /* Frameworks */ = {
			isa = PBXFrameworksBuildPhase;
			buildActionMask = 2147483647;
			files = (
			);
			runOnlyForDeploymentPostprocessing = 0;
		};
		24ECE28E2A3087D50036E0E1 /* Frameworks */ = {
			isa = PBXFrameworksBuildPhase;
			buildActionMask = 2147483647;
			files = (
			);
			runOnlyForDeploymentPostprocessing = 0;
		};
/* End PBXFrameworksBuildPhase section */

/* Begin PBXGroup section */
		240EB0572A31C2D800A96542 /* Frameworks */ = {
			isa = PBXGroup;
			children = (
			);
			name = Frameworks;
			sourceTree = "<group>";
		};
		249137B22A35F45400D59974 /* App */ = {
			isa = PBXGroup;
			children = (
				24ECE2712A3087D40036E0E1 /* AppDelegate.swift */,
				24ECE2732A3087D40036E0E1 /* SceneDelegate.swift */,
				24ECE27A2A3087D40036E0E1 /* iTunesVIPER_alperBAN.xcdatamodeld */,
			);
			path = App;
			sourceTree = "<group>";
		};
		249137B32A35F46900D59974 /* Home */ = {
			isa = PBXGroup;
			children = (
				24ECE2A62A3088610036E0E1 /* HomeView.swift */,
				24ECE2A82A3088740036E0E1 /* HomeInteractor.swift */,
				24ECE2AA2A3088810036E0E1 /* HomePresenter.swift */,
				24ECE2AC2A3088930036E0E1 /* HomeEntity.swift */,
				24ECE2AE2A3088A00036E0E1 /* HomeRouter.swift */,
			);
			path = Home;
			sourceTree = "<group>";
		};
		249137B42A35F48D00D59974 /* Detail */ = {
			isa = PBXGroup;
			children = (
				249137B52A35F4BD00D59974 /* DetailViewController.swift */,
				249137B62A35F4BD00D59974 /* DetailViewController.xib */,
				249137B92A35F9D000D59974 /* DetailInteractor.swift */,
				249137BB2A35FB3A00D59974 /* DetailPresenter.swift */,
				249137BD2A35FB8B00D59974 /* DetailRouter.swift */,
			);
			path = Detail;
			sourceTree = "<group>";
		};
		249137CC2A360F5F00D59974 /* Base */ = {
			isa = PBXGroup;
			children = (
				249137CD2A360F7100D59974 /* BaseViewController.swift */,
			);
			path = Base;
			sourceTree = "<group>";
		};
		24ECE2652A3087D40036E0E1 = {
			isa = PBXGroup;
			children = (
				24DA40AF2A374D5F00BD5379 /* LoadingPackage */,
				24ECE2702A3087D40036E0E1 /* iTunesVIPER_alperBAN */,
				24ECE28A2A3087D50036E0E1 /* iTunesVIPER_alperBANTests */,
				24ECE2942A3087D50036E0E1 /* iTunesVIPER_alperBANUITests */,
				24ECE26F2A3087D40036E0E1 /* Products */,
				240EB0572A31C2D800A96542 /* Frameworks */,
			);
			sourceTree = "<group>";
		};
		24ECE26F2A3087D40036E0E1 /* Products */ = {
			isa = PBXGroup;
			children = (
				24ECE26E2A3087D40036E0E1 /* iTunesVIPER_alperBAN.app */,
				24ECE2872A3087D50036E0E1 /* iTunesVIPER_alperBANTests.xctest */,
				24ECE2912A3087D50036E0E1 /* iTunesVIPER_alperBANUITests.xctest */,
			);
			name = Products;
			sourceTree = "<group>";
		};
		24ECE2702A3087D40036E0E1 /* iTunesVIPER_alperBAN */ = {
			isa = PBXGroup;
			children = (
				249137CC2A360F5F00D59974 /* Base */,
				249137B22A35F45400D59974 /* App */,
				249137B32A35F46900D59974 /* Home */,
				249137B42A35F48D00D59974 /* Detail */,
				24ECE27D2A3087D50036E0E1 /* Assets.xcassets */,
				24ECE27F2A3087D50036E0E1 /* LaunchScreen.storyboard */,
				24ECE2822A3087D50036E0E1 /* Info.plist */,
			);
			path = iTunesVIPER_alperBAN;
			sourceTree = "<group>";
		};
		24ECE28A2A3087D50036E0E1 /* iTunesVIPER_alperBANTests */ = {
			isa = PBXGroup;
			children = (
				24ECE28B2A3087D50036E0E1 /* iTunesVIPER_alperBANTests.swift */,
			);
			path = iTunesVIPER_alperBANTests;
			sourceTree = "<group>";
		};
		24ECE2942A3087D50036E0E1 /* iTunesVIPER_alperBANUITests */ = {
			isa = PBXGroup;
			children = (
				24ECE2952A3087D50036E0E1 /* iTunesVIPER_alperBANUITests.swift */,
				24ECE2972A3087D50036E0E1 /* iTunesVIPER_alperBANUITestsLaunchTests.swift */,
			);
			path = iTunesVIPER_alperBANUITests;
			sourceTree = "<group>";
		};
/* End PBXGroup section */

/* Begin PBXNativeTarget section */
		24ECE26D2A3087D40036E0E1 /* iTunesVIPER_alperBAN */ = {
			isa = PBXNativeTarget;
			buildConfigurationList = 24ECE29B2A3087D50036E0E1 /* Build configuration list for PBXNativeTarget "iTunesVIPER_alperBAN" */;
			buildPhases = (
				24ECE26A2A3087D40036E0E1 /* Sources */,
				24ECE26B2A3087D40036E0E1 /* Frameworks */,
				24ECE26C2A3087D40036E0E1 /* Resources */,
			);
			buildRules = (
			);
			dependencies = (
			);
			name = iTunesVIPER_alperBAN;
			packageProductDependencies = (
				240EB0522A31C0A900A96542 /* SDWebImage */,
				240EB0542A31C0A900A96542 /* SDWebImageMapKit */,
				24DA40B02A374DFD00BD5379 /* LoadingPackage */,
			);
			productName = iTunesVIPER_alperBAN;
			productReference = 24ECE26E2A3087D40036E0E1 /* iTunesVIPER_alperBAN.app */;
			productType = "com.apple.product-type.application";
		};
		24ECE2862A3087D50036E0E1 /* iTunesVIPER_alperBANTests */ = {
			isa = PBXNativeTarget;
			buildConfigurationList = 24ECE29E2A3087D50036E0E1 /* Build configuration list for PBXNativeTarget "iTunesVIPER_alperBANTests" */;
			buildPhases = (
				24ECE2832A3087D50036E0E1 /* Sources */,
				24ECE2842A3087D50036E0E1 /* Frameworks */,
				24ECE2852A3087D50036E0E1 /* Resources */,
			);
			buildRules = (
			);
			dependencies = (
				24ECE2892A3087D50036E0E1 /* PBXTargetDependency */,
			);
			name = iTunesVIPER_alperBANTests;
			productName = iTunesVIPER_alperBANTests;
			productReference = 24ECE2872A3087D50036E0E1 /* iTunesVIPER_alperBANTests.xctest */;
			productType = "com.apple.product-type.bundle.unit-test";
		};
		24ECE2902A3087D50036E0E1 /* iTunesVIPER_alperBANUITests */ = {
			isa = PBXNativeTarget;
			buildConfigurationList = 24ECE2A12A3087D50036E0E1 /* Build configuration list for PBXNativeTarget "iTunesVIPER_alperBANUITests" */;
			buildPhases = (
				24ECE28D2A3087D50036E0E1 /* Sources */,
				24ECE28E2A3087D50036E0E1 /* Frameworks */,
				24ECE28F2A3087D50036E0E1 /* Resources */,
			);
			buildRules = (
			);
			dependencies = (
				24ECE2932A3087D50036E0E1 /* PBXTargetDependency */,
			);
			name = iTunesVIPER_alperBANUITests;
			productName = iTunesVIPER_alperBANUITests;
			productReference = 24ECE2912A3087D50036E0E1 /* iTunesVIPER_alperBANUITests.xctest */;
			productType = "com.apple.product-type.bundle.ui-testing";
		};
/* End PBXNativeTarget section */

/* Begin PBXProject section */
		24ECE2662A3087D40036E0E1 /* Project object */ = {
			isa = PBXProject;
			attributes = {
				BuildIndependentTargetsInParallel = 1;
				LastSwiftUpdateCheck = 1430;
				LastUpgradeCheck = 1430;
				TargetAttributes = {
					24ECE26D2A3087D40036E0E1 = {
						CreatedOnToolsVersion = 14.3.1;
					};
					24ECE2862A3087D50036E0E1 = {
						CreatedOnToolsVersion = 14.3.1;
						TestTargetID = 24ECE26D2A3087D40036E0E1;
					};
					24ECE2902A3087D50036E0E1 = {
						CreatedOnToolsVersion = 14.3.1;
						TestTargetID = 24ECE26D2A3087D40036E0E1;
					};
				};
			};
			buildConfigurationList = 24ECE2692A3087D40036E0E1 /* Build configuration list for PBXProject "iTunesVIPER_alperBAN" */;
			compatibilityVersion = "Xcode 14.0";
			developmentRegion = en;
			hasScannedForEncodings = 0;
			knownRegions = (
				en,
				Base,
			);
			mainGroup = 24ECE2652A3087D40036E0E1;
			packageReferences = (
				240EB0512A31C0A900A96542 /* XCRemoteSwiftPackageReference "SDWebImage" */,
			);
			productRefGroup = 24ECE26F2A3087D40036E0E1 /* Products */;
			projectDirPath = "";
			projectRoot = "";
			targets = (
				24ECE26D2A3087D40036E0E1 /* iTunesVIPER_alperBAN */,
				24ECE2862A3087D50036E0E1 /* iTunesVIPER_alperBANTests */,
				24ECE2902A3087D50036E0E1 /* iTunesVIPER_alperBANUITests */,
			);
		};
/* End PBXProject section */

/* Begin PBXResourcesBuildPhase section */
		24ECE26C2A3087D40036E0E1 /* Resources */ = {
			isa = PBXResourcesBuildPhase;
			buildActionMask = 2147483647;
			files = (
				24ECE2812A3087D50036E0E1 /* LaunchScreen.storyboard in Resources */,
				249137B82A35F4BD00D59974 /* DetailViewController.xib in Resources */,
				24ECE27E2A3087D50036E0E1 /* Assets.xcassets in Resources */,
			);
			runOnlyForDeploymentPostprocessing = 0;
		};
		24ECE2852A3087D50036E0E1 /* Resources */ = {
			isa = PBXResourcesBuildPhase;
			buildActionMask = 2147483647;
			files = (
			);
			runOnlyForDeploymentPostprocessing = 0;
		};
		24ECE28F2A3087D50036E0E1 /* Resources */ = {
			isa = PBXResourcesBuildPhase;
			buildActionMask = 2147483647;
			files = (
			);
			runOnlyForDeploymentPostprocessing = 0;
		};
/* End PBXResourcesBuildPhase section */

/* Begin PBXSourcesBuildPhase section */
		24ECE26A2A3087D40036E0E1 /* Sources */ = {
			isa = PBXSourcesBuildPhase;
			buildActionMask = 2147483647;
			files = (
				249137B72A35F4BD00D59974 /* DetailViewController.swift in Sources */,
				249137BA2A35F9D000D59974 /* DetailInteractor.swift in Sources */,
				24ECE2AF2A3088A00036E0E1 /* HomeRouter.swift in Sources */,
				24ECE2AD2A3088930036E0E1 /* HomeEntity.swift in Sources */,
				249137BC2A35FB3A00D59974 /* DetailPresenter.swift in Sources */,
				24ECE2AB2A3088810036E0E1 /* HomePresenter.swift in Sources */,
				249137CE2A360F7100D59974 /* BaseViewController.swift in Sources */,
				24ECE2A92A3088740036E0E1 /* HomeInteractor.swift in Sources */,
				24ECE2A72A3088610036E0E1 /* HomeView.swift in Sources */,
				24ECE27C2A3087D40036E0E1 /* iTunesVIPER_alperBAN.xcdatamodeld in Sources */,
				249137BE2A35FB8B00D59974 /* DetailRouter.swift in Sources */,
				24ECE2722A3087D40036E0E1 /* AppDelegate.swift in Sources */,
				24ECE2742A3087D40036E0E1 /* SceneDelegate.swift in Sources */,
			);
			runOnlyForDeploymentPostprocessing = 0;
		};
		24ECE2832A3087D50036E0E1 /* Sources */ = {
			isa = PBXSourcesBuildPhase;
			buildActionMask = 2147483647;
			files = (
				24ECE28C2A3087D50036E0E1 /* iTunesVIPER_alperBANTests.swift in Sources */,
			);
			runOnlyForDeploymentPostprocessing = 0;
		};
		24ECE28D2A3087D50036E0E1 /* Sources */ = {
			isa = PBXSourcesBuildPhase;
			buildActionMask = 2147483647;
			files = (
				24ECE2982A3087D50036E0E1 /* iTunesVIPER_alperBANUITestsLaunchTests.swift in Sources */,
				24ECE2962A3087D50036E0E1 /* iTunesVIPER_alperBANUITests.swift in Sources */,
			);
			runOnlyForDeploymentPostprocessing = 0;
		};
/* End PBXSourcesBuildPhase section */

/* Begin PBXTargetDependency section */
		24ECE2892A3087D50036E0E1 /* PBXTargetDependency */ = {
			isa = PBXTargetDependency;
			target = 24ECE26D2A3087D40036E0E1 /* iTunesVIPER_alperBAN */;
			targetProxy = 24ECE2882A3087D50036E0E1 /* PBXContainerItemProxy */;
		};
		24ECE2932A3087D50036E0E1 /* PBXTargetDependency */ = {
			isa = PBXTargetDependency;
			target = 24ECE26D2A3087D40036E0E1 /* iTunesVIPER_alperBAN */;
			targetProxy = 24ECE2922A3087D50036E0E1 /* PBXContainerItemProxy */;
		};
/* End PBXTargetDependency section */

/* Begin PBXVariantGroup section */
		24ECE27F2A3087D50036E0E1 /* LaunchScreen.storyboard */ = {
			isa = PBXVariantGroup;
			children = (
				24ECE2802A3087D50036E0E1 /* Base */,
			);
			name = LaunchScreen.storyboard;
			sourceTree = "<group>";
		};
/* End PBXVariantGroup section */

/* Begin XCBuildConfiguration section */
		24ECE2992A3087D50036E0E1 /* Debug */ = {
			isa = XCBuildConfiguration;
			buildSettings = {
				ALWAYS_SEARCH_USER_PATHS = NO;
				CLANG_ANALYZER_NONNULL = YES;
				CLANG_ANALYZER_NUMBER_OBJECT_CONVERSION = YES_AGGRESSIVE;
				CLANG_CXX_LANGUAGE_STANDARD = "gnu++20";
				CLANG_ENABLE_MODULES = YES;
				CLANG_ENABLE_OBJC_ARC = YES;
				CLANG_ENABLE_OBJC_WEAK = YES;
				CLANG_WARN_BLOCK_CAPTURE_AUTORELEASING = YES;
				CLANG_WARN_BOOL_CONVERSION = YES;
				CLANG_WARN_COMMA = YES;
				CLANG_WARN_CONSTANT_CONVERSION = YES;
				CLANG_WARN_DEPRECATED_OBJC_IMPLEMENTATIONS = YES;
				CLANG_WARN_DIRECT_OBJC_ISA_USAGE = YES_ERROR;
				CLANG_WARN_DOCUMENTATION_COMMENTS = YES;
				CLANG_WARN_EMPTY_BODY = YES;
				CLANG_WARN_ENUM_CONVERSION = YES;
				CLANG_WARN_INFINITE_RECURSION = YES;
				CLANG_WARN_INT_CONVERSION = YES;
				CLANG_WARN_NON_LITERAL_NULL_CONVERSION = YES;
				CLANG_WARN_OBJC_IMPLICIT_RETAIN_SELF = YES;
				CLANG_WARN_OBJC_LITERAL_CONVERSION = YES;
				CLANG_WARN_OBJC_ROOT_CLASS = YES_ERROR;
				CLANG_WARN_QUOTED_INCLUDE_IN_FRAMEWORK_HEADER = YES;
				CLANG_WARN_RANGE_LOOP_ANALYSIS = YES;
				CLANG_WARN_STRICT_PROTOTYPES = YES;
				CLANG_WARN_SUSPICIOUS_MOVE = YES;
				CLANG_WARN_UNGUARDED_AVAILABILITY = YES_AGGRESSIVE;
				CLANG_WARN_UNREACHABLE_CODE = YES;
				CLANG_WARN__DUPLICATE_METHOD_MATCH = YES;
				COPY_PHASE_STRIP = NO;
				DEBUG_INFORMATION_FORMAT = dwarf;
				ENABLE_STRICT_OBJC_MSGSEND = YES;
				ENABLE_TESTABILITY = YES;
				GCC_C_LANGUAGE_STANDARD = gnu11;
				GCC_DYNAMIC_NO_PIC = NO;
				GCC_NO_COMMON_BLOCKS = YES;
				GCC_OPTIMIZATION_LEVEL = 0;
				GCC_PREPROCESSOR_DEFINITIONS = (
					"DEBUG=1",
					"$(inherited)",
				);
				GCC_WARN_64_TO_32_BIT_CONVERSION = YES;
				GCC_WARN_ABOUT_RETURN_TYPE = YES_ERROR;
				GCC_WARN_UNDECLARED_SELECTOR = YES;
				GCC_WARN_UNINITIALIZED_AUTOS = YES_AGGRESSIVE;
				GCC_WARN_UNUSED_FUNCTION = YES;
				GCC_WARN_UNUSED_VARIABLE = YES;
				IPHONEOS_DEPLOYMENT_TARGET = 16.4;
				MTL_ENABLE_DEBUG_INFO = INCLUDE_SOURCE;
				MTL_FAST_MATH = YES;
				ONLY_ACTIVE_ARCH = YES;
				SDKROOT = iphoneos;
				SWIFT_ACTIVE_COMPILATION_CONDITIONS = DEBUG;
				SWIFT_OPTIMIZATION_LEVEL = "-Onone";
			};
			name = Debug;
		};
		24ECE29A2A3087D50036E0E1 /* Release */ = {
			isa = XCBuildConfiguration;
			buildSettings = {
				ALWAYS_SEARCH_USER_PATHS = NO;
				CLANG_ANALYZER_NONNULL = YES;
				CLANG_ANALYZER_NUMBER_OBJECT_CONVERSION = YES_AGGRESSIVE;
				CLANG_CXX_LANGUAGE_STANDARD = "gnu++20";
				CLANG_ENABLE_MODULES = YES;
				CLANG_ENABLE_OBJC_ARC = YES;
				CLANG_ENABLE_OBJC_WEAK = YES;
				CLANG_WARN_BLOCK_CAPTURE_AUTORELEASING = YES;
				CLANG_WARN_BOOL_CONVERSION = YES;
				CLANG_WARN_COMMA = YES;
				CLANG_WARN_CONSTANT_CONVERSION = YES;
				CLANG_WARN_DEPRECATED_OBJC_IMPLEMENTATIONS = YES;
				CLANG_WARN_DIRECT_OBJC_ISA_USAGE = YES_ERROR;
				CLANG_WARN_DOCUMENTATION_COMMENTS = YES;
				CLANG_WARN_EMPTY_BODY = YES;
				CLANG_WARN_ENUM_CONVERSION = YES;
				CLANG_WARN_INFINITE_RECURSION = YES;
				CLANG_WARN_INT_CONVERSION = YES;
				CLANG_WARN_NON_LITERAL_NULL_CONVERSION = YES;
				CLANG_WARN_OBJC_IMPLICIT_RETAIN_SELF = YES;
				CLANG_WARN_OBJC_LITERAL_CONVERSION = YES;
				CLANG_WARN_OBJC_ROOT_CLASS = YES_ERROR;
				CLANG_WARN_QUOTED_INCLUDE_IN_FRAMEWORK_HEADER = YES;
				CLANG_WARN_RANGE_LOOP_ANALYSIS = YES;
				CLANG_WARN_STRICT_PROTOTYPES = YES;
				CLANG_WARN_SUSPICIOUS_MOVE = YES;
				CLANG_WARN_UNGUARDED_AVAILABILITY = YES_AGGRESSIVE;
				CLANG_WARN_UNREACHABLE_CODE = YES;
				CLANG_WARN__DUPLICATE_METHOD_MATCH = YES;
				COPY_PHASE_STRIP = NO;
				DEBUG_INFORMATION_FORMAT = "dwarf-with-dsym";
				ENABLE_NS_ASSERTIONS = NO;
				ENABLE_STRICT_OBJC_MSGSEND = YES;
				GCC_C_LANGUAGE_STANDARD = gnu11;
				GCC_NO_COMMON_BLOCKS = YES;
				GCC_WARN_64_TO_32_BIT_CONVERSION = YES;
				GCC_WARN_ABOUT_RETURN_TYPE = YES_ERROR;
				GCC_WARN_UNDECLARED_SELECTOR = YES;
				GCC_WARN_UNINITIALIZED_AUTOS = YES_AGGRESSIVE;
				GCC_WARN_UNUSED_FUNCTION = YES;
				GCC_WARN_UNUSED_VARIABLE = YES;
				IPHONEOS_DEPLOYMENT_TARGET = 16.4;
				MTL_ENABLE_DEBUG_INFO = NO;
				MTL_FAST_MATH = YES;
				SDKROOT = iphoneos;
				SWIFT_COMPILATION_MODE = wholemodule;
				SWIFT_OPTIMIZATION_LEVEL = "-O";
				VALIDATE_PRODUCT = YES;
			};
			name = Release;
		};
		24ECE29C2A3087D50036E0E1 /* Debug */ = {
			isa = XCBuildConfiguration;
			buildSettings = {
				ASSETCATALOG_COMPILER_APPICON_NAME = AppIcon;
				ASSETCATALOG_COMPILER_GLOBAL_ACCENT_COLOR_NAME = AccentColor;
				CODE_SIGN_STYLE = Automatic;
				CURRENT_PROJECT_VERSION = 1;
				DEVELOPMENT_TEAM = F234PDQ4YW;
				GENERATE_INFOPLIST_FILE = YES;
				INFOPLIST_FILE = iTunesVIPER_alperBAN/Info.plist;
				INFOPLIST_KEY_UIApplicationSupportsIndirectInputEvents = YES;
				INFOPLIST_KEY_UILaunchStoryboardName = LaunchScreen;
				INFOPLIST_KEY_UISupportedInterfaceOrientations_iPad = "UIInterfaceOrientationPortrait UIInterfaceOrientationPortraitUpsideDown UIInterfaceOrientationLandscapeLeft UIInterfaceOrientationLandscapeRight";
				INFOPLIST_KEY_UISupportedInterfaceOrientations_iPhone = "UIInterfaceOrientationPortrait UIInterfaceOrientationLandscapeLeft UIInterfaceOrientationLandscapeRight";
				LD_RUNPATH_SEARCH_PATHS = (
					"$(inherited)",
					"@executable_path/Frameworks",
				);
				MARKETING_VERSION = 1.0;
				PRODUCT_BUNDLE_IDENTIFIER = "com.alperban.iTunesVIPER-alperBAN";
				PRODUCT_NAME = "$(TARGET_NAME)";
				SWIFT_EMIT_LOC_STRINGS = YES;
				SWIFT_VERSION = 5.0;
				TARGETED_DEVICE_FAMILY = "1,2";
			};
			name = Debug;
		};
		24ECE29D2A3087D50036E0E1 /* Release */ = {
			isa = XCBuildConfiguration;
			buildSettings = {
				ASSETCATALOG_COMPILER_APPICON_NAME = AppIcon;
				ASSETCATALOG_COMPILER_GLOBAL_ACCENT_COLOR_NAME = AccentColor;
				CODE_SIGN_STYLE = Automatic;
				CURRENT_PROJECT_VERSION = 1;
				DEVELOPMENT_TEAM = F234PDQ4YW;
				GENERATE_INFOPLIST_FILE = YES;
				INFOPLIST_FILE = iTunesVIPER_alperBAN/Info.plist;
				INFOPLIST_KEY_UIApplicationSupportsIndirectInputEvents = YES;
				INFOPLIST_KEY_UILaunchStoryboardName = LaunchScreen;
				INFOPLIST_KEY_UISupportedInterfaceOrientations_iPad = "UIInterfaceOrientationPortrait UIInterfaceOrientationPortraitUpsideDown UIInterfaceOrientationLandscapeLeft UIInterfaceOrientationLandscapeRight";
				INFOPLIST_KEY_UISupportedInterfaceOrientations_iPhone = "UIInterfaceOrientationPortrait UIInterfaceOrientationLandscapeLeft UIInterfaceOrientationLandscapeRight";
				LD_RUNPATH_SEARCH_PATHS = (
					"$(inherited)",
					"@executable_path/Frameworks",
				);
				MARKETING_VERSION = 1.0;
				PRODUCT_BUNDLE_IDENTIFIER = "com.alperban.iTunesVIPER-alperBAN";
				PRODUCT_NAME = "$(TARGET_NAME)";
				SWIFT_EMIT_LOC_STRINGS = YES;
				SWIFT_VERSION = 5.0;
				TARGETED_DEVICE_FAMILY = "1,2";
			};
			name = Release;
		};
		24ECE29F2A3087D50036E0E1 /* Debug */ = {
			isa = XCBuildConfiguration;
			buildSettings = {
				ALWAYS_EMBED_SWIFT_STANDARD_LIBRARIES = YES;
				BUNDLE_LOADER = "$(TEST_HOST)";
				CODE_SIGN_STYLE = Automatic;
				CURRENT_PROJECT_VERSION = 1;
				DEVELOPMENT_TEAM = F234PDQ4YW;
				GENERATE_INFOPLIST_FILE = YES;
				IPHONEOS_DEPLOYMENT_TARGET = 16.4;
				MARKETING_VERSION = 1.0;
				PRODUCT_BUNDLE_IDENTIFIER = "com.alperban.iTunesVIPER-alperBANTests";
				PRODUCT_NAME = "$(TARGET_NAME)";
				SWIFT_EMIT_LOC_STRINGS = NO;
				SWIFT_VERSION = 5.0;
				TARGETED_DEVICE_FAMILY = "1,2";
				TEST_HOST = "$(BUILT_PRODUCTS_DIR)/iTunesVIPER_alperBAN.app/$(BUNDLE_EXECUTABLE_FOLDER_PATH)/iTunesVIPER_alperBAN";
			};
			name = Debug;
		};
		24ECE2A02A3087D50036E0E1 /* Release */ = {
			isa = XCBuildConfiguration;
			buildSettings = {
				ALWAYS_EMBED_SWIFT_STANDARD_LIBRARIES = YES;
				BUNDLE_LOADER = "$(TEST_HOST)";
				CODE_SIGN_STYLE = Automatic;
				CURRENT_PROJECT_VERSION = 1;
				DEVELOPMENT_TEAM = F234PDQ4YW;
				GENERATE_INFOPLIST_FILE = YES;
				IPHONEOS_DEPLOYMENT_TARGET = 16.4;
				MARKETING_VERSION = 1.0;
				PRODUCT_BUNDLE_IDENTIFIER = "com.alperban.iTunesVIPER-alperBANTests";
				PRODUCT_NAME = "$(TARGET_NAME)";
				SWIFT_EMIT_LOC_STRINGS = NO;
				SWIFT_VERSION = 5.0;
				TARGETED_DEVICE_FAMILY = "1,2";
				TEST_HOST = "$(BUILT_PRODUCTS_DIR)/iTunesVIPER_alperBAN.app/$(BUNDLE_EXECUTABLE_FOLDER_PATH)/iTunesVIPER_alperBAN";
			};
			name = Release;
		};
		24ECE2A22A3087D50036E0E1 /* Debug */ = {
			isa = XCBuildConfiguration;
			buildSettings = {
				ALWAYS_EMBED_SWIFT_STANDARD_LIBRARIES = YES;
				CODE_SIGN_STYLE = Automatic;
				CURRENT_PROJECT_VERSION = 1;
				DEVELOPMENT_TEAM = F234PDQ4YW;
				GENERATE_INFOPLIST_FILE = YES;
				MARKETING_VERSION = 1.0;
				PRODUCT_BUNDLE_IDENTIFIER = "com.alperban.iTunesVIPER-alperBANUITests";
				PRODUCT_NAME = "$(TARGET_NAME)";
				SWIFT_EMIT_LOC_STRINGS = NO;
				SWIFT_VERSION = 5.0;
				TARGETED_DEVICE_FAMILY = "1,2";
				TEST_TARGET_NAME = iTunesVIPER_alperBAN;
			};
			name = Debug;
		};
		24ECE2A32A3087D50036E0E1 /* Release */ = {
			isa = XCBuildConfiguration;
			buildSettings = {
				ALWAYS_EMBED_SWIFT_STANDARD_LIBRARIES = YES;
				CODE_SIGN_STYLE = Automatic;
				CURRENT_PROJECT_VERSION = 1;
				DEVELOPMENT_TEAM = F234PDQ4YW;
				GENERATE_INFOPLIST_FILE = YES;
				MARKETING_VERSION = 1.0;
				PRODUCT_BUNDLE_IDENTIFIER = "com.alperban.iTunesVIPER-alperBANUITests";
				PRODUCT_NAME = "$(TARGET_NAME)";
				SWIFT_EMIT_LOC_STRINGS = NO;
				SWIFT_VERSION = 5.0;
				TARGETED_DEVICE_FAMILY = "1,2";
				TEST_TARGET_NAME = iTunesVIPER_alperBAN;
			};
			name = Release;
		};
/* End XCBuildConfiguration section */

/* Begin XCConfigurationList section */
		24ECE2692A3087D40036E0E1 /* Build configuration list for PBXProject "iTunesVIPER_alperBAN" */ = {
			isa = XCConfigurationList;
			buildConfigurations = (
				24ECE2992A3087D50036E0E1 /* Debug */,
				24ECE29A2A3087D50036E0E1 /* Release */,
			);
			defaultConfigurationIsVisible = 0;
			defaultConfigurationName = Release;
		};
		24ECE29B2A3087D50036E0E1 /* Build configuration list for PBXNativeTarget "iTunesVIPER_alperBAN" */ = {
			isa = XCConfigurationList;
			buildConfigurations = (
				24ECE29C2A3087D50036E0E1 /* Debug */,
				24ECE29D2A3087D50036E0E1 /* Release */,
			);
			defaultConfigurationIsVisible = 0;
			defaultConfigurationName = Release;
		};
		24ECE29E2A3087D50036E0E1 /* Build configuration list for PBXNativeTarget "iTunesVIPER_alperBANTests" */ = {
			isa = XCConfigurationList;
			buildConfigurations = (
				24ECE29F2A3087D50036E0E1 /* Debug */,
				24ECE2A02A3087D50036E0E1 /* Release */,
			);
			defaultConfigurationIsVisible = 0;
			defaultConfigurationName = Release;
		};
		24ECE2A12A3087D50036E0E1 /* Build configuration list for PBXNativeTarget "iTunesVIPER_alperBANUITests" */ = {
			isa = XCConfigurationList;
			buildConfigurations = (
				24ECE2A22A3087D50036E0E1 /* Debug */,
				24ECE2A32A3087D50036E0E1 /* Release */,
			);
			defaultConfigurationIsVisible = 0;
			defaultConfigurationName = Release;
		};
/* End XCConfigurationList section */

/* Begin XCRemoteSwiftPackageReference section */
		240EB0512A31C0A900A96542 /* XCRemoteSwiftPackageReference "SDWebImage" */ = {
			isa = XCRemoteSwiftPackageReference;
			repositoryURL = "https://github.com/SDWebImage/SDWebImage";
			requirement = {
				kind = upToNextMajorVersion;
				minimumVersion = 5.0.0;
			};
		};
/* End XCRemoteSwiftPackageReference section */

/* Begin XCSwiftPackageProductDependency section */
		240EB0522A31C0A900A96542 /* SDWebImage */ = {
			isa = XCSwiftPackageProductDependency;
			package = 240EB0512A31C0A900A96542 /* XCRemoteSwiftPackageReference "SDWebImage" */;
			productName = SDWebImage;
		};
		240EB0542A31C0A900A96542 /* SDWebImageMapKit */ = {
			isa = XCSwiftPackageProductDependency;
			package = 240EB0512A31C0A900A96542 /* XCRemoteSwiftPackageReference "SDWebImage" */;
			productName = SDWebImageMapKit;
		};
		24DA40B02A374DFD00BD5379 /* LoadingPackage */ = {
			isa = XCSwiftPackageProductDependency;
			productName = LoadingPackage;
		};
/* End XCSwiftPackageProductDependency section */

/* Begin XCVersionGroup section */
		24ECE27A2A3087D40036E0E1 /* iTunesVIPER_alperBAN.xcdatamodeld */ = {
			isa = XCVersionGroup;
			children = (
				24ECE27B2A3087D40036E0E1 /* iTunesVIPER_alperBAN.xcdatamodel */,
			);
			currentVersion = 24ECE27B2A3087D40036E0E1 /* iTunesVIPER_alperBAN.xcdatamodel */;
			path = iTunesVIPER_alperBAN.xcdatamodeld;
			sourceTree = "<group>";
			versionGroupType = wrapper.xcdatamodel;
		};
/* End XCVersionGroup section */
	};
	rootObject = 24ECE2662A3087D40036E0E1 /* Project object */;
}
